// !$*UTF8*$!
{
	archiveVersion = 1;
	classes = {
	};
	objectVersion = 55;
	objects = {

/* Begin PBXBuildFile section */
		EF00B0DD275E5C5F007E5323 /* FilmDummy.swift in Sources */ = {isa = PBXBuildFile; fileRef = EF00B0DC275E5C5F007E5323 /* FilmDummy.swift */; };
		EF059347275F5E1D00186D9C /* FilmRating.swift in Sources */ = {isa = PBXBuildFile; fileRef = EF5EC8C627596CC000362FC0 /* FilmRating.swift */; };
		EF059348275F5E1D00186D9C /* FilmRating.swift in Sources */ = {isa = PBXBuildFile; fileRef = EF5EC8C627596CC000362FC0 /* FilmRating.swift */; };
		EF059349275F5EC300186D9C /* FilmMock.swift in Sources */ = {isa = PBXBuildFile; fileRef = EF0FC005275A770A0028D117 /* FilmMock.swift */; };
		EF05934A275F5F3A00186D9C /* Film.swift in Sources */ = {isa = PBXBuildFile; fileRef = EF5EC8C1275968D100362FC0 /* Film.swift */; };
		EF0FC004275A73EC0028D117 /* SearchScreenTests.swift in Sources */ = {isa = PBXBuildFile; fileRef = EF0FC003275A73EC0028D117 /* SearchScreenTests.swift */; };
		EF0FC008275A7BAC0028D117 /* FilmDetailsScreen.swift in Sources */ = {isa = PBXBuildFile; fileRef = EF0FC007275A7BAC0028D117 /* FilmDetailsScreen.swift */; };
		EF0FC00B275A8DF80028D117 /* FSViewModel.swift in Sources */ = {isa = PBXBuildFile; fileRef = EF0FC00A275A8DF80028D117 /* FSViewModel.swift */; };
		EF22EDD6275B789300781FAF /* ARPoster.swift in Sources */ = {isa = PBXBuildFile; fileRef = EF22EDD5275B789300781FAF /* ARPoster.swift */; };
		EF22EDDA275B894F00781FAF /* ARPosterTests.swift in Sources */ = {isa = PBXBuildFile; fileRef = EF22EDD9275B894F00781FAF /* ARPosterTests.swift */; };
		EF339190275B9B70009CC023 /* PosterARView+ARSessionDelegates.swift in Sources */ = {isa = PBXBuildFile; fileRef = EF33918F275B9B70009CC023 /* PosterARView+ARSessionDelegates.swift */; };
		EF339198275C1BCB009CC023 /* FavouritesFilmsScreen.swift in Sources */ = {isa = PBXBuildFile; fileRef = EF339197275C1BCB009CC023 /* FavouritesFilmsScreen.swift */; };
		EF5EC885275954CD00362FC0 /* FilmStarSwiftUIApp.swift in Sources */ = {isa = PBXBuildFile; fileRef = EF5EC884275954CD00362FC0 /* FilmStarSwiftUIApp.swift */; };
		EF5EC887275954CD00362FC0 /* FSRecentFilmsCollection.swift in Sources */ = {isa = PBXBuildFile; fileRef = EF5EC886275954CD00362FC0 /* FSRecentFilmsCollection.swift */; };
		EF5EC889275954CE00362FC0 /* Assets.xcassets in Resources */ = {isa = PBXBuildFile; fileRef = EF5EC888275954CE00362FC0 /* Assets.xcassets */; };
		EF5EC88C275954CE00362FC0 /* Preview Assets.xcassets in Resources */ = {isa = PBXBuildFile; fileRef = EF5EC88B275954CE00362FC0 /* Preview Assets.xcassets */; };
		EF5EC88E275954CE00362FC0 /* PersistenceController.swift in Sources */ = {isa = PBXBuildFile; fileRef = EF5EC88D275954CE00362FC0 /* PersistenceController.swift */; };
		EF5EC891275954CE00362FC0 /* FilmStarSwiftUI.xcdatamodeld in Sources */ = {isa = PBXBuildFile; fileRef = EF5EC88F275954CE00362FC0 /* FilmStarSwiftUI.xcdatamodeld */; };
		EF5EC8B5275957C400362FC0 /* FSTabView.swift in Sources */ = {isa = PBXBuildFile; fileRef = EF5EC8B4275957C400362FC0 /* FSTabView.swift */; };
		EF5EC8B8275958F400362FC0 /* SFSymbol.swift in Sources */ = {isa = PBXBuildFile; fileRef = EF5EC8B7275958F400362FC0 /* SFSymbol.swift */; };
		EF5EC8BA27595D9000362FC0 /* SearchScreen.swift in Sources */ = {isa = PBXBuildFile; fileRef = EF5EC8B927595D9000362FC0 /* SearchScreen.swift */; };
		EF5EC8BF275967D200362FC0 /* NetworkManager.swift in Sources */ = {isa = PBXBuildFile; fileRef = EF5EC8BE275967D200362FC0 /* NetworkManager.swift */; };
		EF5EC8C2275968D100362FC0 /* Film.swift in Sources */ = {isa = PBXBuildFile; fileRef = EF5EC8C1275968D100362FC0 /* Film.swift */; };
		EF5EC8C527596A4100362FC0 /* FSFilmFetchingError.swift in Sources */ = {isa = PBXBuildFile; fileRef = EF5EC8C427596A4100362FC0 /* FSFilmFetchingError.swift */; };
		EF5EC8C927596E7100362FC0 /* NetworkManagerTests.swift in Sources */ = {isa = PBXBuildFile; fileRef = EF5EC8C827596E7100362FC0 /* NetworkManagerTests.swift */; };
		EF684673275B679D0022E51B /* SearchScreenViewModelTests.swift in Sources */ = {isa = PBXBuildFile; fileRef = EF684672275B679D0022E51B /* SearchScreenViewModelTests.swift */; };
		EF684675275B73F20022E51B /* PosterARView+Configuration.swift in Sources */ = {isa = PBXBuildFile; fileRef = EF684674275B73F20022E51B /* PosterARView+Configuration.swift */; };
		EF7BE61B2760E31900503368 /* FSString.swift in Sources */ = {isa = PBXBuildFile; fileRef = EF7BE61A2760E31900503368 /* FSString.swift */; };
		EFA058BE275C2A9400AC85C9 /* FilmStarSwiftUIUITestsLaunchTests.swift in Sources */ = {isa = PBXBuildFile; fileRef = EF5EC8A6275954CE00362FC0 /* FilmStarSwiftUIUITestsLaunchTests.swift */; };
		EFA058C0275C3E1200AC85C9 /* ColouredVPadder.swift in Sources */ = {isa = PBXBuildFile; fileRef = EFA058BF275C3E1200AC85C9 /* ColouredVPadder.swift */; };
		EFA2488127609E150015D5B9 /* SearchParametersScreen.swift in Sources */ = {isa = PBXBuildFile; fileRef = EFA2488027609E150015D5B9 /* SearchParametersScreen.swift */; };
		EFCB91EB275EDE4500FD9B60 /* FilmsSearchCollectionScreen.swift in Sources */ = {isa = PBXBuildFile; fileRef = EFCB91EA275EDE4500FD9B60 /* FilmsSearchCollectionScreen.swift */; };
		EFD3ED92275EA5330066B050 /* OnboardingTab.swift in Sources */ = {isa = PBXBuildFile; fileRef = EFD3ED91275EA5330066B050 /* OnboardingTab.swift */; };
		EFDAF2FB275F59E500839C6B /* FilmTeaser.swift in Sources */ = {isa = PBXBuildFile; fileRef = EFDAF2FA275F59E500839C6B /* FilmTeaser.swift */; };
		EFDAF2FC275F5C3600839C6B /* FilmMock.swift in Sources */ = {isa = PBXBuildFile; fileRef = EF0FC005275A770A0028D117 /* FilmMock.swift */; };
		EFE316F5275AD9A500A635A9 /* FSBorderedButton.swift in Sources */ = {isa = PBXBuildFile; fileRef = EFE316F4275AD9A500A635A9 /* FSBorderedButton.swift */; };
		EFE316F7275AE87A00A635A9 /* PosterARView.swift in Sources */ = {isa = PBXBuildFile; fileRef = EFE316F6275AE87A00A635A9 /* PosterARView.swift */; };
		EFE316FA275AE8EA00A635A9 /* PosterARView+Coaching.swift in Sources */ = {isa = PBXBuildFile; fileRef = EFE316F9275AE8EA00A635A9 /* PosterARView+Coaching.swift */; };
		EFE316FC275AE97900A635A9 /* PosterARScreen.swift in Sources */ = {isa = PBXBuildFile; fileRef = EFE316FB275AE97900A635A9 /* PosterARScreen.swift */; };
		EFE316FE275AF9E700A635A9 /* FSProminentButton.swift in Sources */ = {isa = PBXBuildFile; fileRef = EFE316FD275AF9E700A635A9 /* FSProminentButton.swift */; };
		EFF26557275CCF3A0019B45D /* AccessibilityCustomContentKey+Extension.swift.swift in Sources */ = {isa = PBXBuildFile; fileRef = EFF26556275CCF3A0019B45D /* AccessibilityCustomContentKey+Extension.swift.swift */; };
		EFF958D7275FB50100DE9C13 /* FSImageLoader.swift in Sources */ = {isa = PBXBuildFile; fileRef = EFF958D6275FB50100DE9C13 /* FSImageLoader.swift */; };
		EFF958D9275FB57900DE9C13 /* FSImageView.swift in Sources */ = {isa = PBXBuildFile; fileRef = EFF958D8275FB57900DE9C13 /* FSImageView.swift */; };
/* End PBXBuildFile section */

/* Begin PBXContainerItemProxy section */
		EF5EC897275954CE00362FC0 /* PBXContainerItemProxy */ = {
			isa = PBXContainerItemProxy;
			containerPortal = EF5EC879275954CD00362FC0 /* Project object */;
			proxyType = 1;
			remoteGlobalIDString = EF5EC880275954CD00362FC0;
			remoteInfo = FilmStarSwiftUI;
		};
		EF5EC8A1275954CE00362FC0 /* PBXContainerItemProxy */ = {
			isa = PBXContainerItemProxy;
			containerPortal = EF5EC879275954CD00362FC0 /* Project object */;
			proxyType = 1;
			remoteGlobalIDString = EF5EC880275954CD00362FC0;
			remoteInfo = FilmStarSwiftUI;
		};
/* End PBXContainerItemProxy section */

/* Begin PBXFileReference section */
		EF00B0DC275E5C5F007E5323 /* FilmDummy.swift */ = {isa = PBXFileReference; lastKnownFileType = sourcecode.swift; path = FilmDummy.swift; sourceTree = "<group>"; };
		EF0FC003275A73EC0028D117 /* SearchScreenTests.swift */ = {isa = PBXFileReference; lastKnownFileType = sourcecode.swift; path = SearchScreenTests.swift; sourceTree = "<group>"; };
		EF0FC005275A770A0028D117 /* FilmMock.swift */ = {isa = PBXFileReference; lastKnownFileType = sourcecode.swift; path = FilmMock.swift; sourceTree = "<group>"; };
		EF0FC007275A7BAC0028D117 /* FilmDetailsScreen.swift */ = {isa = PBXFileReference; lastKnownFileType = sourcecode.swift; path = FilmDetailsScreen.swift; sourceTree = "<group>"; };
		EF0FC00A275A8DF80028D117 /* FSViewModel.swift */ = {isa = PBXFileReference; lastKnownFileType = sourcecode.swift; path = FSViewModel.swift; sourceTree = "<group>"; };
		EF22EDD5275B789300781FAF /* ARPoster.swift */ = {isa = PBXFileReference; lastKnownFileType = sourcecode.swift; path = ARPoster.swift; sourceTree = "<group>"; };
		EF22EDD9275B894F00781FAF /* ARPosterTests.swift */ = {isa = PBXFileReference; lastKnownFileType = sourcecode.swift; path = ARPosterTests.swift; sourceTree = "<group>"; };
		EF33918F275B9B70009CC023 /* PosterARView+ARSessionDelegates.swift */ = {isa = PBXFileReference; lastKnownFileType = sourcecode.swift; path = "PosterARView+ARSessionDelegates.swift"; sourceTree = "<group>"; };
		EF339197275C1BCB009CC023 /* FavouritesFilmsScreen.swift */ = {isa = PBXFileReference; lastKnownFileType = sourcecode.swift; path = FavouritesFilmsScreen.swift; sourceTree = "<group>"; };
		EF5EC881275954CD00362FC0 /* FilmStar.app */ = {isa = PBXFileReference; explicitFileType = wrapper.application; includeInIndex = 0; path = FilmStar.app; sourceTree = BUILT_PRODUCTS_DIR; };
		EF5EC884275954CD00362FC0 /* FilmStarSwiftUIApp.swift */ = {isa = PBXFileReference; lastKnownFileType = sourcecode.swift; path = FilmStarSwiftUIApp.swift; sourceTree = "<group>"; };
		EF5EC886275954CD00362FC0 /* FSRecentFilmsCollection.swift */ = {isa = PBXFileReference; lastKnownFileType = sourcecode.swift; path = FSRecentFilmsCollection.swift; sourceTree = "<group>"; };
		EF5EC888275954CE00362FC0 /* Assets.xcassets */ = {isa = PBXFileReference; lastKnownFileType = folder.assetcatalog; path = Assets.xcassets; sourceTree = "<group>"; };
		EF5EC88B275954CE00362FC0 /* Preview Assets.xcassets */ = {isa = PBXFileReference; lastKnownFileType = folder.assetcatalog; path = "Preview Assets.xcassets"; sourceTree = "<group>"; };
		EF5EC88D275954CE00362FC0 /* PersistenceController.swift */ = {isa = PBXFileReference; lastKnownFileType = sourcecode.swift; path = PersistenceController.swift; sourceTree = "<group>"; };
		EF5EC890275954CE00362FC0 /* FilmStarSwiftUI.xcdatamodel */ = {isa = PBXFileReference; lastKnownFileType = wrapper.xcdatamodel; path = FilmStarSwiftUI.xcdatamodel; sourceTree = "<group>"; };
		EF5EC896275954CE00362FC0 /* FilmStarTests.xctest */ = {isa = PBXFileReference; explicitFileType = wrapper.cfbundle; includeInIndex = 0; path = FilmStarTests.xctest; sourceTree = BUILT_PRODUCTS_DIR; };
		EF5EC8A0275954CE00362FC0 /* FilmStarUITests.xctest */ = {isa = PBXFileReference; explicitFileType = wrapper.cfbundle; includeInIndex = 0; path = FilmStarUITests.xctest; sourceTree = BUILT_PRODUCTS_DIR; };
		EF5EC8A4275954CE00362FC0 /* FilmStarSwiftUIUITests.swift */ = {isa = PBXFileReference; lastKnownFileType = sourcecode.swift; path = FilmStarSwiftUIUITests.swift; sourceTree = "<group>"; };
		EF5EC8A6275954CE00362FC0 /* FilmStarSwiftUIUITestsLaunchTests.swift */ = {isa = PBXFileReference; lastKnownFileType = sourcecode.swift; path = FilmStarSwiftUIUITestsLaunchTests.swift; sourceTree = "<group>"; };
		EF5EC8B4275957C400362FC0 /* FSTabView.swift */ = {isa = PBXFileReference; lastKnownFileType = sourcecode.swift; path = FSTabView.swift; sourceTree = "<group>"; };
		EF5EC8B7275958F400362FC0 /* SFSymbol.swift */ = {isa = PBXFileReference; lastKnownFileType = sourcecode.swift; path = SFSymbol.swift; sourceTree = "<group>"; };
		EF5EC8B927595D9000362FC0 /* SearchScreen.swift */ = {isa = PBXFileReference; lastKnownFileType = sourcecode.swift; path = SearchScreen.swift; sourceTree = "<group>"; };
		EF5EC8BE275967D200362FC0 /* NetworkManager.swift */ = {isa = PBXFileReference; lastKnownFileType = sourcecode.swift; path = NetworkManager.swift; sourceTree = "<group>"; };
		EF5EC8C1275968D100362FC0 /* Film.swift */ = {isa = PBXFileReference; lastKnownFileType = sourcecode.swift; path = Film.swift; sourceTree = "<group>"; };
		EF5EC8C427596A4100362FC0 /* FSFilmFetchingError.swift */ = {isa = PBXFileReference; lastKnownFileType = sourcecode.swift; path = FSFilmFetchingError.swift; sourceTree = "<group>"; };
		EF5EC8C627596CC000362FC0 /* FilmRating.swift */ = {isa = PBXFileReference; lastKnownFileType = sourcecode.swift; path = FilmRating.swift; sourceTree = "<group>"; };
		EF5EC8C827596E7100362FC0 /* NetworkManagerTests.swift */ = {isa = PBXFileReference; lastKnownFileType = sourcecode.swift; path = NetworkManagerTests.swift; sourceTree = "<group>"; };
		EF684672275B679D0022E51B /* SearchScreenViewModelTests.swift */ = {isa = PBXFileReference; lastKnownFileType = sourcecode.swift; path = SearchScreenViewModelTests.swift; sourceTree = "<group>"; };
		EF684674275B73F20022E51B /* PosterARView+Configuration.swift */ = {isa = PBXFileReference; lastKnownFileType = sourcecode.swift; path = "PosterARView+Configuration.swift"; sourceTree = "<group>"; };
		EF7BE61A2760E31900503368 /* FSString.swift */ = {isa = PBXFileReference; lastKnownFileType = sourcecode.swift; path = FSString.swift; sourceTree = "<group>"; };
		EFA058BF275C3E1200AC85C9 /* ColouredVPadder.swift */ = {isa = PBXFileReference; lastKnownFileType = sourcecode.swift; path = ColouredVPadder.swift; sourceTree = "<group>"; };
		EFA2488027609E150015D5B9 /* SearchParametersScreen.swift */ = {isa = PBXFileReference; lastKnownFileType = sourcecode.swift; path = SearchParametersScreen.swift; sourceTree = "<group>"; };
		EFCB91EA275EDE4500FD9B60 /* FilmsSearchCollectionScreen.swift */ = {isa = PBXFileReference; lastKnownFileType = sourcecode.swift; path = FilmsSearchCollectionScreen.swift; sourceTree = "<group>"; };
		EFD3ED91275EA5330066B050 /* OnboardingTab.swift */ = {isa = PBXFileReference; lastKnownFileType = sourcecode.swift; path = OnboardingTab.swift; sourceTree = "<group>"; };
		EFDAF2FA275F59E500839C6B /* FilmTeaser.swift */ = {isa = PBXFileReference; lastKnownFileType = sourcecode.swift; path = FilmTeaser.swift; sourceTree = "<group>"; };
		EFE316F4275AD9A500A635A9 /* FSBorderedButton.swift */ = {isa = PBXFileReference; lastKnownFileType = sourcecode.swift; path = FSBorderedButton.swift; sourceTree = "<group>"; };
		EFE316F6275AE87A00A635A9 /* PosterARView.swift */ = {isa = PBXFileReference; lastKnownFileType = sourcecode.swift; path = PosterARView.swift; sourceTree = "<group>"; };
		EFE316F9275AE8EA00A635A9 /* PosterARView+Coaching.swift */ = {isa = PBXFileReference; lastKnownFileType = sourcecode.swift; path = "PosterARView+Coaching.swift"; sourceTree = "<group>"; };
		EFE316FB275AE97900A635A9 /* PosterARScreen.swift */ = {isa = PBXFileReference; lastKnownFileType = sourcecode.swift; path = PosterARScreen.swift; sourceTree = "<group>"; };
		EFE316FD275AF9E700A635A9 /* FSProminentButton.swift */ = {isa = PBXFileReference; lastKnownFileType = sourcecode.swift; path = FSProminentButton.swift; sourceTree = "<group>"; };
		EFF26556275CCF3A0019B45D /* AccessibilityCustomContentKey+Extension.swift.swift */ = {isa = PBXFileReference; lastKnownFileType = sourcecode.swift; path = "AccessibilityCustomContentKey+Extension.swift.swift"; sourceTree = "<group>"; };
		EFF958D6275FB50100DE9C13 /* FSImageLoader.swift */ = {isa = PBXFileReference; lastKnownFileType = sourcecode.swift; path = FSImageLoader.swift; sourceTree = "<group>"; };
		EFF958D8275FB57900DE9C13 /* FSImageView.swift */ = {isa = PBXFileReference; lastKnownFileType = sourcecode.swift; path = FSImageView.swift; sourceTree = "<group>"; };
/* End PBXFileReference section */

/* Begin PBXFrameworksBuildPhase section */
		EF5EC87E275954CD00362FC0 /* Frameworks */ = {
			isa = PBXFrameworksBuildPhase;
			buildActionMask = 2147483647;
			files = (
			);
			runOnlyForDeploymentPostprocessing = 0;
		};
		EF5EC893275954CE00362FC0 /* Frameworks */ = {
			isa = PBXFrameworksBuildPhase;
			buildActionMask = 2147483647;
			files = (
			);
			runOnlyForDeploymentPostprocessing = 0;
		};
		EF5EC89D275954CE00362FC0 /* Frameworks */ = {
			isa = PBXFrameworksBuildPhase;
			buildActionMask = 2147483647;
			files = (
			);
			runOnlyForDeploymentPostprocessing = 0;
		};
/* End PBXFrameworksBuildPhase section */

/* Begin PBXGroup section */
		EF0FC009275A8DEC0028D117 /* ViewModel */ = {
			isa = PBXGroup;
			children = (
				EF0FC00A275A8DF80028D117 /* FSViewModel.swift */,
			);
			path = ViewModel;
			sourceTree = "<group>";
		};
		EF0FC00E275AB6980028D117 /* Model */ = {
			isa = PBXGroup;
			children = (
				EF0FC005275A770A0028D117 /* FilmMock.swift */,
			);
			path = Model;
			sourceTree = "<group>";
		};
		EF0FC00F275AB6A10028D117 /* NetworkManager */ = {
			isa = PBXGroup;
			children = (
				EF5EC8C827596E7100362FC0 /* NetworkManagerTests.swift */,
			);
			path = NetworkManager;
			sourceTree = "<group>";
		};
		EF0FC011275AB6AF0028D117 /* Screens */ = {
			isa = PBXGroup;
			children = (
				EF0FC003275A73EC0028D117 /* SearchScreenTests.swift */,
			);
			path = Screens;
			sourceTree = "<group>";
		};
		EF22EDD4275B784300781FAF /* Entity */ = {
			isa = PBXGroup;
			children = (
				EF22EDD5275B789300781FAF /* ARPoster.swift */,
			);
			path = Entity;
			sourceTree = "<group>";
		};
		EF22EDD7275B892A00781FAF /* ARKit */ = {
			isa = PBXGroup;
			children = (
				EF22EDD8275B892E00781FAF /* Entity */,
			);
			path = ARKit;
			sourceTree = "<group>";
		};
		EF22EDD8275B892E00781FAF /* Entity */ = {
			isa = PBXGroup;
			children = (
				EF22EDD9275B894F00781FAF /* ARPosterTests.swift */,
			);
			path = Entity;
			sourceTree = "<group>";
		};
		EF339191275BC287009CC023 /* Collection */ = {
			isa = PBXGroup;
			children = (
				EF5EC886275954CD00362FC0 /* FSRecentFilmsCollection.swift */,
			);
			path = Collection;
			sourceTree = "<group>";
		};
		EF5EC878275954CD00362FC0 = {
			isa = PBXGroup;
			children = (
				EF5EC883275954CD00362FC0 /* FilmStar */,
				EF5EC899275954CE00362FC0 /* FilmStarSwiftUITests */,
				EF5EC8A3275954CE00362FC0 /* FilmStarSwiftUIUITests */,
				EF5EC882275954CD00362FC0 /* Products */,
			);
			sourceTree = "<group>";
		};
		EF5EC882275954CD00362FC0 /* Products */ = {
			isa = PBXGroup;
			children = (
				EF5EC881275954CD00362FC0 /* FilmStar.app */,
				EF5EC896275954CE00362FC0 /* FilmStarTests.xctest */,
				EF5EC8A0275954CE00362FC0 /* FilmStarUITests.xctest */,
			);
			name = Products;
			sourceTree = "<group>";
		};
		EF5EC883275954CD00362FC0 /* FilmStar */ = {
			isa = PBXGroup;
			children = (
				EFF26555275CCF280019B45D /* Extension */,
				EFE316F8275AE88900A635A9 /* ARKit */,
				EFE316F2275AD99200A635A9 /* CustomView */,
				EF0FC009275A8DEC0028D117 /* ViewModel */,
				EF5EC8C3275969C600362FC0 /* Utilities */,
				EF5EC8C0275968CB00362FC0 /* Model */,
				EF5EC8BD275967C900362FC0 /* Manager */,
				EF5EC8B6275958E300362FC0 /* UIHelper */,
				EF5EC8B3275957B400362FC0 /* Screens */,
				EF5EC884275954CD00362FC0 /* FilmStarSwiftUIApp.swift */,
				EF5EC888275954CE00362FC0 /* Assets.xcassets */,
				EF5EC88F275954CE00362FC0 /* FilmStarSwiftUI.xcdatamodeld */,
				EF5EC88A275954CE00362FC0 /* Preview Content */,
			);
			path = FilmStar;
			sourceTree = "<group>";
		};
		EF5EC88A275954CE00362FC0 /* Preview Content */ = {
			isa = PBXGroup;
			children = (
				EF5EC88B275954CE00362FC0 /* Preview Assets.xcassets */,
			);
			path = "Preview Content";
			sourceTree = "<group>";
		};
		EF5EC899275954CE00362FC0 /* FilmStarSwiftUITests */ = {
			isa = PBXGroup;
			children = (
				EF22EDD7275B892A00781FAF /* ARKit */,
				EF684671275B678E0022E51B /* ViewModel */,
				EF0FC011275AB6AF0028D117 /* Screens */,
				EF0FC00F275AB6A10028D117 /* NetworkManager */,
				EF0FC00E275AB6980028D117 /* Model */,
			);
			path = FilmStarSwiftUITests;
			sourceTree = "<group>";
		};
		EF5EC8A3275954CE00362FC0 /* FilmStarSwiftUIUITests */ = {
			isa = PBXGroup;
			children = (
				EF5EC8A4275954CE00362FC0 /* FilmStarSwiftUIUITests.swift */,
				EF5EC8A6275954CE00362FC0 /* FilmStarSwiftUIUITestsLaunchTests.swift */,
			);
			path = FilmStarSwiftUIUITests;
			sourceTree = "<group>";
		};
		EF5EC8B3275957B400362FC0 /* Screens */ = {
			isa = PBXGroup;
			children = (
				EFD3ED90275EA5200066B050 /* Onboarding */,
				EF5EC8B4275957C400362FC0 /* FSTabView.swift */,
				EF5EC8B927595D9000362FC0 /* SearchScreen.swift */,
				EFCB91EA275EDE4500FD9B60 /* FilmsSearchCollectionScreen.swift */,
				EF0FC007275A7BAC0028D117 /* FilmDetailsScreen.swift */,
				EFE316FB275AE97900A635A9 /* PosterARScreen.swift */,
				EF339197275C1BCB009CC023 /* FavouritesFilmsScreen.swift */,
				EFA2488027609E150015D5B9 /* SearchParametersScreen.swift */,
			);
			path = Screens;
			sourceTree = "<group>";
		};
		EF5EC8B6275958E300362FC0 /* UIHelper */ = {
			isa = PBXGroup;
			children = (
				EF5EC8B7275958F400362FC0 /* SFSymbol.swift */,
				EF7BE61A2760E31900503368 /* FSString.swift */,
			);
			path = UIHelper;
			sourceTree = "<group>";
		};
		EF5EC8BD275967C900362FC0 /* Manager */ = {
			isa = PBXGroup;
			children = (
				EF5EC8BE275967D200362FC0 /* NetworkManager.swift */,
				EF5EC88D275954CE00362FC0 /* PersistenceController.swift */,
			);
			path = Manager;
			sourceTree = "<group>";
		};
		EF5EC8C0275968CB00362FC0 /* Model */ = {
			isa = PBXGroup;
			children = (
				EF5EC8C1275968D100362FC0 /* Film.swift */,
				EF5EC8C627596CC000362FC0 /* FilmRating.swift */,
				EF00B0DC275E5C5F007E5323 /* FilmDummy.swift */,
				EFDAF2FA275F59E500839C6B /* FilmTeaser.swift */,
			);
			path = Model;
			sourceTree = "<group>";
		};
		EF5EC8C3275969C600362FC0 /* Utilities */ = {
			isa = PBXGroup;
			children = (
				EF5EC8C427596A4100362FC0 /* FSFilmFetchingError.swift */,
			);
			path = Utilities;
			sourceTree = "<group>";
		};
		EF684671275B678E0022E51B /* ViewModel */ = {
			isa = PBXGroup;
			children = (
				EF684672275B679D0022E51B /* SearchScreenViewModelTests.swift */,
			);
			path = ViewModel;
			sourceTree = "<group>";
		};
		EFA058C1275C3F8100AC85C9 /* Style */ = {
			isa = PBXGroup;
			children = (
				EFA058BF275C3E1200AC85C9 /* ColouredVPadder.swift */,
			);
			path = Style;
			sourceTree = "<group>";
		};
		EFD3ED90275EA5200066B050 /* Onboarding */ = {
			isa = PBXGroup;
			children = (
				EFD3ED91275EA5330066B050 /* OnboardingTab.swift */,
			);
			path = Onboarding;
			sourceTree = "<group>";
		};
		EFE316F2275AD99200A635A9 /* CustomView */ = {
			isa = PBXGroup;
			children = (
				EFF958D5275FB4F400DE9C13 /* ImageLoader */,
				EFA058C1275C3F8100AC85C9 /* Style */,
				EF339191275BC287009CC023 /* Collection */,
				EFE316F3275AD99800A635A9 /* Button */,
			);
			path = CustomView;
			sourceTree = "<group>";
		};
		EFE316F3275AD99800A635A9 /* Button */ = {
			isa = PBXGroup;
			children = (
				EFE316F4275AD9A500A635A9 /* FSBorderedButton.swift */,
				EFE316FD275AF9E700A635A9 /* FSProminentButton.swift */,
			);
			path = Button;
			sourceTree = "<group>";
		};
		EFE316F8275AE88900A635A9 /* ARKit */ = {
			isa = PBXGroup;
			children = (
				EF22EDD4275B784300781FAF /* Entity */,
				EFE316F6275AE87A00A635A9 /* PosterARView.swift */,
				EFE316F9275AE8EA00A635A9 /* PosterARView+Coaching.swift */,
				EF684674275B73F20022E51B /* PosterARView+Configuration.swift */,
				EF33918F275B9B70009CC023 /* PosterARView+ARSessionDelegates.swift */,
			);
			path = ARKit;
			sourceTree = "<group>";
		};
		EFF26555275CCF280019B45D /* Extension */ = {
			isa = PBXGroup;
			children = (
				EFF26556275CCF3A0019B45D /* AccessibilityCustomContentKey+Extension.swift.swift */,
			);
			path = Extension;
			sourceTree = "<group>";
		};
		EFF958D5275FB4F400DE9C13 /* ImageLoader */ = {
			isa = PBXGroup;
			children = (
				EFF958D6275FB50100DE9C13 /* FSImageLoader.swift */,
				EFF958D8275FB57900DE9C13 /* FSImageView.swift */,
			);
			path = ImageLoader;
			sourceTree = "<group>";
		};
/* End PBXGroup section */

/* Begin PBXNativeTarget section */
		EF5EC880275954CD00362FC0 /* FilmStar */ = {
			isa = PBXNativeTarget;
			buildConfigurationList = EF5EC8AA275954CE00362FC0 /* Build configuration list for PBXNativeTarget "FilmStar" */;
			buildPhases = (
				EF5EC87D275954CD00362FC0 /* Sources */,
				EF5EC87E275954CD00362FC0 /* Frameworks */,
				EF5EC87F275954CD00362FC0 /* Resources */,
			);
			buildRules = (
			);
			dependencies = (
			);
			name = FilmStar;
			productName = FilmStarSwiftUI;
			productReference = EF5EC881275954CD00362FC0 /* FilmStar.app */;
			productType = "com.apple.product-type.application";
		};
		EF5EC895275954CE00362FC0 /* FilmStarTests */ = {
			isa = PBXNativeTarget;
			buildConfigurationList = EF5EC8AD275954CE00362FC0 /* Build configuration list for PBXNativeTarget "FilmStarTests" */;
			buildPhases = (
				EF5EC892275954CE00362FC0 /* Sources */,
				EF5EC893275954CE00362FC0 /* Frameworks */,
				EF5EC894275954CE00362FC0 /* Resources */,
			);
			buildRules = (
			);
			dependencies = (
				EF5EC898275954CE00362FC0 /* PBXTargetDependency */,
			);
			name = FilmStarTests;
			productName = FilmStarSwiftUITests;
			productReference = EF5EC896275954CE00362FC0 /* FilmStarTests.xctest */;
			productType = "com.apple.product-type.bundle.unit-test";
		};
		EF5EC89F275954CE00362FC0 /* FilmStarUITests */ = {
			isa = PBXNativeTarget;
			buildConfigurationList = EF5EC8B0275954CE00362FC0 /* Build configuration list for PBXNativeTarget "FilmStarUITests" */;
			buildPhases = (
				EF5EC89C275954CE00362FC0 /* Sources */,
				EF5EC89D275954CE00362FC0 /* Frameworks */,
				EF5EC89E275954CE00362FC0 /* Resources */,
			);
			buildRules = (
			);
			dependencies = (
				EF5EC8A2275954CE00362FC0 /* PBXTargetDependency */,
			);
			name = FilmStarUITests;
			productName = FilmStarSwiftUIUITests;
			productReference = EF5EC8A0275954CE00362FC0 /* FilmStarUITests.xctest */;
			productType = "com.apple.product-type.bundle.ui-testing";
		};
/* End PBXNativeTarget section */

/* Begin PBXProject section */
		EF5EC879275954CD00362FC0 /* Project object */ = {
			isa = PBXProject;
			attributes = {
				BuildIndependentTargetsInParallel = 1;
				LastSwiftUpdateCheck = 1310;
				LastUpgradeCheck = 1310;
				TargetAttributes = {
					EF5EC880275954CD00362FC0 = {
						CreatedOnToolsVersion = 13.1;
					};
					EF5EC895275954CE00362FC0 = {
						CreatedOnToolsVersion = 13.1;
						TestTargetID = EF5EC880275954CD00362FC0;
					};
					EF5EC89F275954CE00362FC0 = {
						CreatedOnToolsVersion = 13.1;
						TestTargetID = EF5EC880275954CD00362FC0;
					};
				};
			};
			buildConfigurationList = EF5EC87C275954CD00362FC0 /* Build configuration list for PBXProject "FilmStar" */;
			compatibilityVersion = "Xcode 13.0";
			developmentRegion = en;
			hasScannedForEncodings = 0;
			knownRegions = (
				en,
				Base,
			);
			mainGroup = EF5EC878275954CD00362FC0;
			productRefGroup = EF5EC882275954CD00362FC0 /* Products */;
			projectDirPath = "";
			projectRoot = "";
			targets = (
				EF5EC880275954CD00362FC0 /* FilmStar */,
				EF5EC895275954CE00362FC0 /* FilmStarTests */,
				EF5EC89F275954CE00362FC0 /* FilmStarUITests */,
			);
		};
/* End PBXProject section */

/* Begin PBXResourcesBuildPhase section */
		EF5EC87F275954CD00362FC0 /* Resources */ = {
			isa = PBXResourcesBuildPhase;
			buildActionMask = 2147483647;
			files = (
				EF5EC88C275954CE00362FC0 /* Preview Assets.xcassets in Resources */,
				EF5EC889275954CE00362FC0 /* Assets.xcassets in Resources */,
			);
			runOnlyForDeploymentPostprocessing = 0;
		};
		EF5EC894275954CE00362FC0 /* Resources */ = {
			isa = PBXResourcesBuildPhase;
			buildActionMask = 2147483647;
			files = (
			);
			runOnlyForDeploymentPostprocessing = 0;
		};
		EF5EC89E275954CE00362FC0 /* Resources */ = {
			isa = PBXResourcesBuildPhase;
			buildActionMask = 2147483647;
			files = (
			);
			runOnlyForDeploymentPostprocessing = 0;
		};
/* End PBXResourcesBuildPhase section */

/* Begin PBXSourcesBuildPhase section */
		EF5EC87D275954CD00362FC0 /* Sources */ = {
			isa = PBXSourcesBuildPhase;
			buildActionMask = 2147483647;
			files = (
				EFE316FC275AE97900A635A9 /* PosterARScreen.swift in Sources */,
				EFA2488127609E150015D5B9 /* SearchParametersScreen.swift in Sources */,
				EF5EC88E275954CE00362FC0 /* PersistenceController.swift in Sources */,
				EFE316F5275AD9A500A635A9 /* FSBorderedButton.swift in Sources */,
				EF339190275B9B70009CC023 /* PosterARView+ARSessionDelegates.swift in Sources */,
				EF5EC891275954CE00362FC0 /* FilmStarSwiftUI.xcdatamodeld in Sources */,
				EF5EC8B5275957C400362FC0 /* FSTabView.swift in Sources */,
				EFF958D7275FB50100DE9C13 /* FSImageLoader.swift in Sources */,
				EF684675275B73F20022E51B /* PosterARView+Configuration.swift in Sources */,
				EF5EC8C527596A4100362FC0 /* FSFilmFetchingError.swift in Sources */,
				EF059349275F5EC300186D9C /* FilmMock.swift in Sources */,
				EFF26557275CCF3A0019B45D /* AccessibilityCustomContentKey+Extension.swift.swift in Sources */,
				EFF958D9275FB57900DE9C13 /* FSImageView.swift in Sources */,
				EF0FC008275A7BAC0028D117 /* FilmDetailsScreen.swift in Sources */,
				EFDAF2FB275F59E500839C6B /* FilmTeaser.swift in Sources */,
				EFD3ED92275EA5330066B050 /* OnboardingTab.swift in Sources */,
				EF5EC8BA27595D9000362FC0 /* SearchScreen.swift in Sources */,
				EFE316FA275AE8EA00A635A9 /* PosterARView+Coaching.swift in Sources */,
				EF5EC8BF275967D200362FC0 /* NetworkManager.swift in Sources */,
				EFCB91EB275EDE4500FD9B60 /* FilmsSearchCollectionScreen.swift in Sources */,
				EF5EC887275954CD00362FC0 /* FSRecentFilmsCollection.swift in Sources */,
				EF5EC8B8275958F400362FC0 /* SFSymbol.swift in Sources */,
				EF00B0DD275E5C5F007E5323 /* FilmDummy.swift in Sources */,
				EFE316FE275AF9E700A635A9 /* FSProminentButton.swift in Sources */,
				EFA058C0275C3E1200AC85C9 /* ColouredVPadder.swift in Sources */,
				EF339198275C1BCB009CC023 /* FavouritesFilmsScreen.swift in Sources */,
				EF059348275F5E1D00186D9C /* FilmRating.swift in Sources */,
				EF22EDD6275B789300781FAF /* ARPoster.swift in Sources */,
				EF7BE61B2760E31900503368 /* FSString.swift in Sources */,
				EFE316F7275AE87A00A635A9 /* PosterARView.swift in Sources */,
				EF5EC8C2275968D100362FC0 /* Film.swift in Sources */,
				EF5EC885275954CD00362FC0 /* FilmStarSwiftUIApp.swift in Sources */,
				EF0FC00B275A8DF80028D117 /* FSViewModel.swift in Sources */,
			);
			runOnlyForDeploymentPostprocessing = 0;
		};
		EF5EC892275954CE00362FC0 /* Sources */ = {
			isa = PBXSourcesBuildPhase;
			buildActionMask = 2147483647;
			files = (
				EFDAF2FC275F5C3600839C6B /* FilmMock.swift in Sources */,
				EF22EDDA275B894F00781FAF /* ARPosterTests.swift in Sources */,
				EF5EC8C927596E7100362FC0 /* NetworkManagerTests.swift in Sources */,
				EF684673275B679D0022E51B /* SearchScreenViewModelTests.swift in Sources */,
				EF0FC004275A73EC0028D117 /* SearchScreenTests.swift in Sources */,
				EF059347275F5E1D00186D9C /* FilmRating.swift in Sources */,
				EF05934A275F5F3A00186D9C /* Film.swift in Sources */,
			);
			runOnlyForDeploymentPostprocessing = 0;
		};
		EF5EC89C275954CE00362FC0 /* Sources */ = {
			isa = PBXSourcesBuildPhase;
			buildActionMask = 2147483647;
			files = (
				EFA058BE275C2A9400AC85C9 /* FilmStarSwiftUIUITestsLaunchTests.swift in Sources */,
			);
			runOnlyForDeploymentPostprocessing = 0;
		};
/* End PBXSourcesBuildPhase section */

/* Begin PBXTargetDependency section */
		EF5EC898275954CE00362FC0 /* PBXTargetDependency */ = {
			isa = PBXTargetDependency;
			target = EF5EC880275954CD00362FC0 /* FilmStar */;
			targetProxy = EF5EC897275954CE00362FC0 /* PBXContainerItemProxy */;
		};
		EF5EC8A2275954CE00362FC0 /* PBXTargetDependency */ = {
			isa = PBXTargetDependency;
			target = EF5EC880275954CD00362FC0 /* FilmStar */;
			targetProxy = EF5EC8A1275954CE00362FC0 /* PBXContainerItemProxy */;
		};
/* End PBXTargetDependency section */

/* Begin XCBuildConfiguration section */
		EF5EC8A8275954CE00362FC0 /* Debug */ = {
			isa = XCBuildConfiguration;
			buildSettings = {
				ALWAYS_SEARCH_USER_PATHS = NO;
				CLANG_ANALYZER_NONNULL = YES;
				CLANG_ANALYZER_NUMBER_OBJECT_CONVERSION = YES_AGGRESSIVE;
				CLANG_CXX_LANGUAGE_STANDARD = "gnu++17";
				CLANG_CXX_LIBRARY = "libc++";
				CLANG_ENABLE_MODULES = YES;
				CLANG_ENABLE_OBJC_ARC = YES;
				CLANG_ENABLE_OBJC_WEAK = YES;
				CLANG_WARN_BLOCK_CAPTURE_AUTORELEASING = YES;
				CLANG_WARN_BOOL_CONVERSION = YES;
				CLANG_WARN_COMMA = YES;
				CLANG_WARN_CONSTANT_CONVERSION = YES;
				CLANG_WARN_DEPRECATED_OBJC_IMPLEMENTATIONS = YES;
				CLANG_WARN_DIRECT_OBJC_ISA_USAGE = YES_ERROR;
				CLANG_WARN_DOCUMENTATION_COMMENTS = YES;
				CLANG_WARN_EMPTY_BODY = YES;
				CLANG_WARN_ENUM_CONVERSION = YES;
				CLANG_WARN_INFINITE_RECURSION = YES;
				CLANG_WARN_INT_CONVERSION = YES;
				CLANG_WARN_NON_LITERAL_NULL_CONVERSION = YES;
				CLANG_WARN_OBJC_IMPLICIT_RETAIN_SELF = YES;
				CLANG_WARN_OBJC_LITERAL_CONVERSION = YES;
				CLANG_WARN_OBJC_ROOT_CLASS = YES_ERROR;
				CLANG_WARN_QUOTED_INCLUDE_IN_FRAMEWORK_HEADER = YES;
				CLANG_WARN_RANGE_LOOP_ANALYSIS = YES;
				CLANG_WARN_STRICT_PROTOTYPES = YES;
				CLANG_WARN_SUSPICIOUS_MOVE = YES;
				CLANG_WARN_UNGUARDED_AVAILABILITY = YES_AGGRESSIVE;
				CLANG_WARN_UNREACHABLE_CODE = YES;
				CLANG_WARN__DUPLICATE_METHOD_MATCH = YES;
				COPY_PHASE_STRIP = NO;
				DEBUG_INFORMATION_FORMAT = dwarf;
				ENABLE_STRICT_OBJC_MSGSEND = YES;
				ENABLE_TESTABILITY = YES;
				GCC_C_LANGUAGE_STANDARD = gnu11;
				GCC_DYNAMIC_NO_PIC = NO;
				GCC_NO_COMMON_BLOCKS = YES;
				GCC_OPTIMIZATION_LEVEL = 0;
				GCC_PREPROCESSOR_DEFINITIONS = (
					"DEBUG=1",
					"$(inherited)",
				);
				GCC_WARN_64_TO_32_BIT_CONVERSION = YES;
				GCC_WARN_ABOUT_RETURN_TYPE = YES_ERROR;
				GCC_WARN_UNDECLARED_SELECTOR = YES;
				GCC_WARN_UNINITIALIZED_AUTOS = YES_AGGRESSIVE;
				GCC_WARN_UNUSED_FUNCTION = YES;
				GCC_WARN_UNUSED_VARIABLE = YES;
				IPHONEOS_DEPLOYMENT_TARGET = 15.0;
				MTL_ENABLE_DEBUG_INFO = INCLUDE_SOURCE;
				MTL_FAST_MATH = YES;
				ONLY_ACTIVE_ARCH = YES;
				SDKROOT = iphoneos;
				SWIFT_ACTIVE_COMPILATION_CONDITIONS = DEBUG;
				SWIFT_OPTIMIZATION_LEVEL = "-Onone";
			};
			name = Debug;
		};
		EF5EC8A9275954CE00362FC0 /* Release */ = {
			isa = XCBuildConfiguration;
			buildSettings = {
				ALWAYS_SEARCH_USER_PATHS = NO;
				CLANG_ANALYZER_NONNULL = YES;
				CLANG_ANALYZER_NUMBER_OBJECT_CONVERSION = YES_AGGRESSIVE;
				CLANG_CXX_LANGUAGE_STANDARD = "gnu++17";
				CLANG_CXX_LIBRARY = "libc++";
				CLANG_ENABLE_MODULES = YES;
				CLANG_ENABLE_OBJC_ARC = YES;
				CLANG_ENABLE_OBJC_WEAK = YES;
				CLANG_WARN_BLOCK_CAPTURE_AUTORELEASING = YES;
				CLANG_WARN_BOOL_CONVERSION = YES;
				CLANG_WARN_COMMA = YES;
				CLANG_WARN_CONSTANT_CONVERSION = YES;
				CLANG_WARN_DEPRECATED_OBJC_IMPLEMENTATIONS = YES;
				CLANG_WARN_DIRECT_OBJC_ISA_USAGE = YES_ERROR;
				CLANG_WARN_DOCUMENTATION_COMMENTS = YES;
				CLANG_WARN_EMPTY_BODY = YES;
				CLANG_WARN_ENUM_CONVERSION = YES;
				CLANG_WARN_INFINITE_RECURSION = YES;
				CLANG_WARN_INT_CONVERSION = YES;
				CLANG_WARN_NON_LITERAL_NULL_CONVERSION = YES;
				CLANG_WARN_OBJC_IMPLICIT_RETAIN_SELF = YES;
				CLANG_WARN_OBJC_LITERAL_CONVERSION = YES;
				CLANG_WARN_OBJC_ROOT_CLASS = YES_ERROR;
				CLANG_WARN_QUOTED_INCLUDE_IN_FRAMEWORK_HEADER = YES;
				CLANG_WARN_RANGE_LOOP_ANALYSIS = YES;
				CLANG_WARN_STRICT_PROTOTYPES = YES;
				CLANG_WARN_SUSPICIOUS_MOVE = YES;
				CLANG_WARN_UNGUARDED_AVAILABILITY = YES_AGGRESSIVE;
				CLANG_WARN_UNREACHABLE_CODE = YES;
				CLANG_WARN__DUPLICATE_METHOD_MATCH = YES;
				COPY_PHASE_STRIP = NO;
				DEBUG_INFORMATION_FORMAT = "dwarf-with-dsym";
				ENABLE_NS_ASSERTIONS = NO;
				ENABLE_STRICT_OBJC_MSGSEND = YES;
				GCC_C_LANGUAGE_STANDARD = gnu11;
				GCC_NO_COMMON_BLOCKS = YES;
				GCC_WARN_64_TO_32_BIT_CONVERSION = YES;
				GCC_WARN_ABOUT_RETURN_TYPE = YES_ERROR;
				GCC_WARN_UNDECLARED_SELECTOR = YES;
				GCC_WARN_UNINITIALIZED_AUTOS = YES_AGGRESSIVE;
				GCC_WARN_UNUSED_FUNCTION = YES;
				GCC_WARN_UNUSED_VARIABLE = YES;
				IPHONEOS_DEPLOYMENT_TARGET = 15.0;
				MTL_ENABLE_DEBUG_INFO = NO;
				MTL_FAST_MATH = YES;
				SDKROOT = iphoneos;
				SWIFT_COMPILATION_MODE = wholemodule;
				SWIFT_OPTIMIZATION_LEVEL = "-O";
				VALIDATE_PRODUCT = YES;
			};
			name = Release;
		};
		EF5EC8AB275954CE00362FC0 /* Debug */ = {
			isa = XCBuildConfiguration;
			buildSettings = {
				ASSETCATALOG_COMPILER_APPICON_NAME = AppIcon;
				ASSETCATALOG_COMPILER_GLOBAL_ACCENT_COLOR_NAME = AccentColor;
				CODE_SIGN_STYLE = Automatic;
				CURRENT_PROJECT_VERSION = 8;
				DEVELOPMENT_ASSET_PATHS = "\"FilmStar/Preview Content\"";
				DEVELOPMENT_TEAM = 9HHDDYFD2W;
				ENABLE_PREVIEWS = YES;
				GENERATE_INFOPLIST_FILE = YES;
				INFOPLIST_KEY_NSCameraUsageDescription = "CAMERA DESCRIPTION";
				INFOPLIST_KEY_UIApplicationSceneManifest_Generation = YES;
				INFOPLIST_KEY_UIApplicationSupportsIndirectInputEvents = YES;
				INFOPLIST_KEY_UILaunchScreen_Generation = YES;
				INFOPLIST_KEY_UISupportedInterfaceOrientations_iPad = "UIInterfaceOrientationPortrait UIInterfaceOrientationPortraitUpsideDown UIInterfaceOrientationLandscapeLeft UIInterfaceOrientationLandscapeRight";
				INFOPLIST_KEY_UISupportedInterfaceOrientations_iPhone = "UIInterfaceOrientationPortrait UIInterfaceOrientationLandscapeLeft UIInterfaceOrientationLandscapeRight";
				LD_RUNPATH_SEARCH_PATHS = (
					"$(inherited)",
					"@executable_path/Frameworks",
				);
				MARKETING_VERSION = 0.1;
				NEW_SETTING = "";
				PRODUCT_BUNDLE_IDENTIFIER = fss.FilmStarSwiftUI;
				PRODUCT_NAME = FilmStar;
				SWIFT_EMIT_LOC_STRINGS = YES;
				SWIFT_VERSION = 5.0;
				TARGETED_DEVICE_FAMILY = "1,2";
			};
			name = Debug;
		};
		EF5EC8AC275954CE00362FC0 /* Release */ = {
			isa = XCBuildConfiguration;
			buildSettings = {
				ASSETCATALOG_COMPILER_APPICON_NAME = AppIcon;
				ASSETCATALOG_COMPILER_GLOBAL_ACCENT_COLOR_NAME = AccentColor;
				CODE_SIGN_STYLE = Automatic;
				CURRENT_PROJECT_VERSION = 8;
				DEVELOPMENT_ASSET_PATHS = "\"FilmStar/Preview Content\"";
				DEVELOPMENT_TEAM = 9HHDDYFD2W;
				ENABLE_PREVIEWS = YES;
				GENERATE_INFOPLIST_FILE = YES;
				INFOPLIST_KEY_NSCameraUsageDescription = "CAMERA DESCRIPTION";
				INFOPLIST_KEY_UIApplicationSceneManifest_Generation = YES;
				INFOPLIST_KEY_UIApplicationSupportsIndirectInputEvents = YES;
				INFOPLIST_KEY_UILaunchScreen_Generation = YES;
				INFOPLIST_KEY_UISupportedInterfaceOrientations_iPad = "UIInterfaceOrientationPortrait UIInterfaceOrientationPortraitUpsideDown UIInterfaceOrientationLandscapeLeft UIInterfaceOrientationLandscapeRight";
				INFOPLIST_KEY_UISupportedInterfaceOrientations_iPhone = "UIInterfaceOrientationPortrait UIInterfaceOrientationLandscapeLeft UIInterfaceOrientationLandscapeRight";
				LD_RUNPATH_SEARCH_PATHS = (
					"$(inherited)",
					"@executable_path/Frameworks",
				);
				MARKETING_VERSION = 0.1;
				NEW_SETTING = "";
				PRODUCT_BUNDLE_IDENTIFIER = fss.FilmStarSwiftUI;
				PRODUCT_NAME = FilmStar;
				SWIFT_EMIT_LOC_STRINGS = YES;
				SWIFT_VERSION = 5.0;
				TARGETED_DEVICE_FAMILY = "1,2";
			};
			name = Release;
		};
		EF5EC8AE275954CE00362FC0 /* Debug */ = {
			isa = XCBuildConfiguration;
			buildSettings = {
				ALWAYS_EMBED_SWIFT_STANDARD_LIBRARIES = YES;
				BUNDLE_LOADER = "$(TEST_HOST)";
				CODE_SIGN_STYLE = Automatic;
				CURRENT_PROJECT_VERSION = 1;
				DEVELOPMENT_TEAM = 9HHDDYFD2W;
				GENERATE_INFOPLIST_FILE = YES;
				IPHONEOS_DEPLOYMENT_TARGET = 15.0;
				LD_RUNPATH_SEARCH_PATHS = (
					"$(inherited)",
					"@executable_path/Frameworks",
					"@loader_path/Frameworks",
				);
				MARKETING_VERSION = 1.0;
				PRODUCT_BUNDLE_IDENTIFIER = fss.FilmStarSwiftUITests;
				PRODUCT_NAME = "$(TARGET_NAME)";
				SWIFT_EMIT_LOC_STRINGS = NO;
				SWIFT_VERSION = 5.0;
				TARGETED_DEVICE_FAMILY = "1,2";
				TEST_HOST = "$(BUILT_PRODUCTS_DIR)/FilmStar.app/FilmStar";
			};
			name = Debug;
		};
		EF5EC8AF275954CE00362FC0 /* Release */ = {
			isa = XCBuildConfiguration;
			buildSettings = {
				ALWAYS_EMBED_SWIFT_STANDARD_LIBRARIES = YES;
				BUNDLE_LOADER = "$(TEST_HOST)";
				CODE_SIGN_STYLE = Automatic;
				CURRENT_PROJECT_VERSION = 1;
				DEVELOPMENT_TEAM = 9HHDDYFD2W;
				GENERATE_INFOPLIST_FILE = YES;
				IPHONEOS_DEPLOYMENT_TARGET = 15.0;
				LD_RUNPATH_SEARCH_PATHS = (
					"$(inherited)",
					"@executable_path/Frameworks",
					"@loader_path/Frameworks",
				);
				MARKETING_VERSION = 1.0;
				PRODUCT_BUNDLE_IDENTIFIER = fss.FilmStarSwiftUITests;
				PRODUCT_NAME = "$(TARGET_NAME)";
				SWIFT_EMIT_LOC_STRINGS = NO;
				SWIFT_VERSION = 5.0;
				TARGETED_DEVICE_FAMILY = "1,2";
				TEST_HOST = "$(BUILT_PRODUCTS_DIR)/FilmStar.app/FilmStar";
			};
			name = Release;
		};
		EF5EC8B1275954CE00362FC0 /* Debug */ = {
			isa = XCBuildConfiguration;
			buildSettings = {
				ALWAYS_EMBED_SWIFT_STANDARD_LIBRARIES = YES;
				CODE_SIGN_STYLE = Automatic;
				CURRENT_PROJECT_VERSION = 1;
				DEVELOPMENT_TEAM = 9HHDDYFD2W;
				GENERATE_INFOPLIST_FILE = YES;
				LD_RUNPATH_SEARCH_PATHS = (
					"$(inherited)",
					"@executable_path/Frameworks",
					"@loader_path/Frameworks",
				);
				MARKETING_VERSION = 1.0;
				PRODUCT_BUNDLE_IDENTIFIER = fss.FilmStarSwiftUIUITests;
				PRODUCT_NAME = "$(TARGET_NAME)";
				SWIFT_EMIT_LOC_STRINGS = NO;
				SWIFT_VERSION = 5.0;
				TARGETED_DEVICE_FAMILY = "1,2";
				TEST_TARGET_NAME = FilmStarSwiftUI;
			};
			name = Debug;
		};
		EF5EC8B2275954CE00362FC0 /* Release */ = {
			isa = XCBuildConfiguration;
			buildSettings = {
				ALWAYS_EMBED_SWIFT_STANDARD_LIBRARIES = YES;
				CODE_SIGN_STYLE = Automatic;
				CURRENT_PROJECT_VERSION = 1;
				DEVELOPMENT_TEAM = 9HHDDYFD2W;
				GENERATE_INFOPLIST_FILE = YES;
				LD_RUNPATH_SEARCH_PATHS = (
					"$(inherited)",
					"@executable_path/Frameworks",
					"@loader_path/Frameworks",
				);
				MARKETING_VERSION = 1.0;
				PRODUCT_BUNDLE_IDENTIFIER = fss.FilmStarSwiftUIUITests;
				PRODUCT_NAME = "$(TARGET_NAME)";
				SWIFT_EMIT_LOC_STRINGS = NO;
				SWIFT_VERSION = 5.0;
				TARGETED_DEVICE_FAMILY = "1,2";
				TEST_TARGET_NAME = FilmStarSwiftUI;
			};
			name = Release;
		};
/* End XCBuildConfiguration section */

/* Begin XCConfigurationList section */
		EF5EC87C275954CD00362FC0 /* Build configuration list for PBXProject "FilmStar" */ = {
			isa = XCConfigurationList;
			buildConfigurations = (
				EF5EC8A8275954CE00362FC0 /* Debug */,
				EF5EC8A9275954CE00362FC0 /* Release */,
			);
			defaultConfigurationIsVisible = 0;
			defaultConfigurationName = Release;
		};
		EF5EC8AA275954CE00362FC0 /* Build configuration list for PBXNativeTarget "FilmStar" */ = {
			isa = XCConfigurationList;
			buildConfigurations = (
				EF5EC8AB275954CE00362FC0 /* Debug */,
				EF5EC8AC275954CE00362FC0 /* Release */,
			);
			defaultConfigurationIsVisible = 0;
			defaultConfigurationName = Release;
		};
		EF5EC8AD275954CE00362FC0 /* Build configuration list for PBXNativeTarget "FilmStarTests" */ = {
			isa = XCConfigurationList;
			buildConfigurations = (
				EF5EC8AE275954CE00362FC0 /* Debug */,
				EF5EC8AF275954CE00362FC0 /* Release */,
			);
			defaultConfigurationIsVisible = 0;
			defaultConfigurationName = Release;
		};
		EF5EC8B0275954CE00362FC0 /* Build configuration list for PBXNativeTarget "FilmStarUITests" */ = {
			isa = XCConfigurationList;
			buildConfigurations = (
				EF5EC8B1275954CE00362FC0 /* Debug */,
				EF5EC8B2275954CE00362FC0 /* Release */,
			);
			defaultConfigurationIsVisible = 0;
			defaultConfigurationName = Release;
		};
/* End XCConfigurationList section */

/* Begin XCVersionGroup section */
		EF5EC88F275954CE00362FC0 /* FilmStarSwiftUI.xcdatamodeld */ = {
			isa = XCVersionGroup;
			children = (
				EF5EC890275954CE00362FC0 /* FilmStarSwiftUI.xcdatamodel */,
			);
			currentVersion = EF5EC890275954CE00362FC0 /* FilmStarSwiftUI.xcdatamodel */;
			path = FilmStarSwiftUI.xcdatamodeld;
			sourceTree = "<group>";
			versionGroupType = wrapper.xcdatamodel;
		};
/* End XCVersionGroup section */
	};
	rootObject = EF5EC879275954CD00362FC0 /* Project object */;
}
